
Microsoft Visual Studio Solution File, Format Version 12.00
# Visual Studio Version 16
VisualStudioVersion = 16.0.31313.79
MinimumVisualStudioVersion = 10.0.40219.1
Project("{FAE04EC0-301F-11D3-BF4B-00C04F79EFBC}") = "MonitorFocus", "MonitorFocus\MonitorFocus.csproj", "{335C70DA-AA14-4433-A433-985469AEA03D}"
EndProject
Global
	GlobalSection(SolutionConfigurationPlatforms) = preSolution
		Debug|Any CPU = Debug|Any CPU
		Release|Any CPU = Release|Any CPU
	EndGlobalSection
	GlobalSection(ProjectConfigurationPlatforms) = postSolution
		{335C70DA-AA14-4433-A433-985469AEA03D}.Debug|Any CPU.ActiveCfg = Debug|Any CPU
		{335C70DA-AA14-4433-A433-985469AEA03D}.Debug|Any CPU.Build.0 = Debug|Any CPU
		{335C70DA-AA14-4433-A433-985469AEA03D}.Release|Any CPU.ActiveCfg = Release|Any CPU
		{335C70DA-AA14-4433-A433-985469AEA03D}.Release|Any CPU.Build.0 = Release|Any CPU
	EndGlobalSection
	GlobalSection(SolutionProperties) = preSolution
		HideSolutionNode = FALSE
	EndGlobalSection
	GlobalSection(ExtensibilityGlobals) = postSolution
		SolutionGuid = {EE1BCAF0-D991-4152-BDBB-E9AD2AAD5B66}
	EndGlobalSection
EndGlobal
